
Microsoft Visual Studio Solution File, Format Version 12.00
# Visual Studio Version 17
VisualStudioVersion = 17.3.32929.385
MinimumVisualStudioVersion = 10.0.40219.1
Project("{FAE04EC0-301F-11D3-BF4B-00C04F79EFBC}") = "CodingProject1.0", "CodingProject1.0\CodingProject1.0.csproj", "{A614B61F-7787-4916-AC32-D6FCBCF888A4}"
EndProject
Global
	GlobalSection(SolutionConfigurationPlatforms) = preSolution
		Debug|Any CPU = Debug|Any CPU
		Release|Any CPU = Release|Any CPU
	EndGlobalSection
	GlobalSection(ProjectConfigurationPlatforms) = postSolution
		{A614B61F-7787-4916-AC32-D6FCBCF888A4}.Debug|Any CPU.ActiveCfg = Debug|Any CPU
		{A614B61F-7787-4916-AC32-D6FCBCF888A4}.Debug|Any CPU.Build.0 = Debug|Any CPU
		{A614B61F-7787-4916-AC32-D6FCBCF888A4}.Release|Any CPU.ActiveCfg = Release|Any CPU
		{A614B61F-7787-4916-AC32-D6FCBCF888A4}.Release|Any CPU.Build.0 = Release|Any CPU
	EndGlobalSection
	GlobalSection(SolutionProperties) = preSolution
		HideSolutionNode = FALSE
	EndGlobalSection
	GlobalSection(ExtensibilityGlobals) = postSolution
		SolutionGuid = {3B7A9A47-1B93-426F-A406-1A06AFE3817B}
	EndGlobalSection
EndGlobal
